
Microsoft Visual Studio Solution File, Format Version 12.00
# Visual Studio Version 16
VisualStudioVersion = 16.0.30503.244
MinimumVisualStudioVersion = 10.0.40219.1
Project("{FAE04EC0-301F-11D3-BF4B-00C04F79EFBC}") = "TP5", "TP5.csproj", "{E8B51270-31B9-4659-949D-9DA36587563C}"
EndProject
Global
	GlobalSection(SolutionConfigurationPlatforms) = preSolution
		Debug|Any CPU = Debug|Any CPU
		Release|Any CPU = Release|Any CPU
	EndGlobalSection
	GlobalSection(ProjectConfigurationPlatforms) = postSolution
		{E8B51270-31B9-4659-949D-9DA36587563C}.Debug|Any CPU.ActiveCfg = Debug|Any CPU
		{E8B51270-31B9-4659-949D-9DA36587563C}.Debug|Any CPU.Build.0 = Debug|Any CPU
		{E8B51270-31B9-4659-949D-9DA36587563C}.Release|Any CPU.ActiveCfg = Release|Any CPU
		{E8B51270-31B9-4659-949D-9DA36587563C}.Release|Any CPU.Build.0 = Release|Any CPU
	EndGlobalSection
	GlobalSection(SolutionProperties) = preSolution
		HideSolutionNode = FALSE
	EndGlobalSection
	GlobalSection(ExtensibilityGlobals) = postSolution
		SolutionGuid = {F6D1A1B3-4BB3-4EA4-BEF1-1D8CCE71E77F}
	EndGlobalSection
EndGlobal
