
Microsoft Visual Studio Solution File, Format Version 12.00
# Visual Studio Version 16
VisualStudioVersion = 16.0.30503.244
MinimumVisualStudioVersion = 10.0.40219.1
Project("{FAE04EC0-301F-11D3-BF4B-00C04F79EFBC}") = "TP1-Exo3", "TP1-Exo3.csproj", "{6B11ACF3-760C-460E-BDB4-C55A592E389A}"
EndProject
Global
	GlobalSection(SolutionConfigurationPlatforms) = preSolution
		Debug|Any CPU = Debug|Any CPU
		Release|Any CPU = Release|Any CPU
	EndGlobalSection
	GlobalSection(ProjectConfigurationPlatforms) = postSolution
		{6B11ACF3-760C-460E-BDB4-C55A592E389A}.Debug|Any CPU.ActiveCfg = Debug|Any CPU
		{6B11ACF3-760C-460E-BDB4-C55A592E389A}.Debug|Any CPU.Build.0 = Debug|Any CPU
		{6B11ACF3-760C-460E-BDB4-C55A592E389A}.Release|Any CPU.ActiveCfg = Release|Any CPU
		{6B11ACF3-760C-460E-BDB4-C55A592E389A}.Release|Any CPU.Build.0 = Release|Any CPU
	EndGlobalSection
	GlobalSection(SolutionProperties) = preSolution
		HideSolutionNode = FALSE
	EndGlobalSection
	GlobalSection(ExtensibilityGlobals) = postSolution
		SolutionGuid = {E1F20D06-D737-4BDB-8141-D9FEA44095A7}
	EndGlobalSection
EndGlobal
